{
  "name": "@kompanie/komponist",
  "version": "4.0.0",
  "lockfileVersion": 3,
  "requires": true,
  "packages": {
    "": {
      "name": "@kompanie/komponist",
      "version": "4.0.0",
      "license": "MIT",
      "devDependencies": {
        "@kompanie/diener": "^1.0.4"
      }
    },
    "node_modules/@kompanie/diener": {
      "version": "1.0.4",
      "resolved": "https://registry.npmjs.org/@kompanie/diener/-/diener-1.0.4.tgz",
      "integrity": "sha512-1VAMagaEjfyDMcz1xJQg80jvYZbCnoEpnogwQpz3ZYrwLHr1DwYxTwqOiUIQNBZ7mmijdolLLPW5JjEor1Aesg==",
      "dev": true,
      "license": "MIT",
      "bin": {
        "diener": "index.js"
      }
    }
  }
}
